{
  "requires": true,
  "lockfileVersion": 1,
  "dependencies": {
    "bootstrap-slider": {
      "version": "11.0.2",
      "resolved": "https://registry.npmjs.org/bootstrap-slider/-/bootstrap-slider-11.0.2.tgz",
      "integrity": "sha512-CdwS+Z6X79OkLes9RfDgPB9UIY/+81wTkm6ktdSB6hdyiRbjJLFQIjZdnEr55tDyXZfgC7U6yeSXkNN9ZdGqjA=="
    },
    "bootstrap-toggle": {
      "version": "2.2.2",
      "resolved": "https://registry.npmjs.org/bootstrap-toggle/-/bootstrap-toggle-2.2.2.tgz",
      "integrity": "sha1-K4hTT8G5mGdPh3+Yug2LW3Q+lv4="
    },
    "jquery": {
      "version": "3.5.1",
      "resolved": "https://registry.npmjs.org/jquery/-/jquery-3.5.1.tgz",
      "integrity": "sha512-XwIBPqcMn57FxfT+Go5pzySnm4KWkT1Tv7gjrpT1srtf8Weynl6R273VJ5GjkRb51IzMp5nbaPjJXMWeju2MKg=="
    }
  }
}
